
Microsoft Visual Studio Solution File, Format Version 12.00
# Visual Studio Version 17
VisualStudioVersion = 17.10.35013.160
MinimumVisualStudioVersion = 10.0.40219.1
Project("{FAE04EC0-301F-11D3-BF4B-00C04F79EFBC}") = "Addenda W1D2", "Addenda W1D2\Addenda W1D2.csproj", "{069B03AB-704F-408A-8CBE-37E1BE4F72FF}"
EndProject
Global
	GlobalSection(SolutionConfigurationPlatforms) = preSolution
		Debug|Any CPU = Debug|Any CPU
		Release|Any CPU = Release|Any CPU
	EndGlobalSection
	GlobalSection(ProjectConfigurationPlatforms) = postSolution
		{069B03AB-704F-408A-8CBE-37E1BE4F72FF}.Debug|Any CPU.ActiveCfg = Debug|Any CPU
		{069B03AB-704F-408A-8CBE-37E1BE4F72FF}.Debug|Any CPU.Build.0 = Debug|Any CPU
		{069B03AB-704F-408A-8CBE-37E1BE4F72FF}.Release|Any CPU.ActiveCfg = Release|Any CPU
		{069B03AB-704F-408A-8CBE-37E1BE4F72FF}.Release|Any CPU.Build.0 = Release|Any CPU
	EndGlobalSection
	GlobalSection(SolutionProperties) = preSolution
		HideSolutionNode = FALSE
	EndGlobalSection
	GlobalSection(ExtensibilityGlobals) = postSolution
		SolutionGuid = {74419CF2-8379-42A6-B906-A24863F16DD8}
	EndGlobalSection
EndGlobal
